// !$*UTF8*$!
{
	archiveVersion = 1;
	classes = {
	};
	objectVersion = 50;
	objects = {

/* Begin PBXBuildFile section */
		9ECF148725D14EA800302CEE /* InstagramViewLayoutApp.swift in Sources */ = {isa = PBXBuildFile; fileRef = 9ECF148625D14EA800302CEE /* InstagramViewLayoutApp.swift */; };
		9ECF148925D14EA800302CEE /* ContentView.swift in Sources */ = {isa = PBXBuildFile; fileRef = 9ECF148825D14EA800302CEE /* ContentView.swift */; };
		9ECF148B25D14EAB00302CEE /* Assets.xcassets in Resources */ = {isa = PBXBuildFile; fileRef = 9ECF148A25D14EAB00302CEE /* Assets.xcassets */; };
		9ECF148E25D14EAB00302CEE /* Preview Assets.xcassets in Resources */ = {isa = PBXBuildFile; fileRef = 9ECF148D25D14EAB00302CEE /* Preview Assets.xcassets */; };
		9ECF149A25D14EE200302CEE /* Home.swift in Sources */ = {isa = PBXBuildFile; fileRef = 9ECF149925D14EE200302CEE /* Home.swift */; };
		9ECF149F25D156E600302CEE /* FeedView.swift in Sources */ = {isa = PBXBuildFile; fileRef = 9ECF149E25D156E600302CEE /* FeedView.swift */; };
		9ECF14A325D15A7200302CEE /* Post.swift in Sources */ = {isa = PBXBuildFile; fileRef = 9ECF14A225D15A7200302CEE /* Post.swift */; };
		9ECF14AE25D16D3D00302CEE /* MainView.swift in Sources */ = {isa = PBXBuildFile; fileRef = 9ECF14AD25D16D3D00302CEE /* MainView.swift */; };
		9ECF14B125D16FCA00302CEE /* ScrollableTabBar.swift in Sources */ = {isa = PBXBuildFile; fileRef = 9ECF14B025D16FCA00302CEE /* ScrollableTabBar.swift */; };
		9ECF14B425D17EDB00302CEE /* PostView.swift in Sources */ = {isa = PBXBuildFile; fileRef = 9ECF14B325D17EDB00302CEE /* PostView.swift */; };
		9ECF14B725D183EB00302CEE /* DirectView.swift in Sources */ = {isa = PBXBuildFile; fileRef = 9ECF14B625D183EB00302CEE /* DirectView.swift */; };
		9ECF14BA25D189F600302CEE /* CustomCamera.swift in Sources */ = {isa = PBXBuildFile; fileRef = 9ECF14B925D189F600302CEE /* CustomCamera.swift */; };
/* End PBXBuildFile section */

/* Begin PBXFileReference section */
		9ECF148325D14EA800302CEE /* InstagramViewLayout.app */ = {isa = PBXFileReference; explicitFileType = wrapper.application; includeInIndex = 0; path = InstagramViewLayout.app; sourceTree = BUILT_PRODUCTS_DIR; };
		9ECF148625D14EA800302CEE /* InstagramViewLayoutApp.swift */ = {isa = PBXFileReference; lastKnownFileType = sourcecode.swift; path = InstagramViewLayoutApp.swift; sourceTree = "<group>"; };
		9ECF148825D14EA800302CEE /* ContentView.swift */ = {isa = PBXFileReference; lastKnownFileType = sourcecode.swift; path = ContentView.swift; sourceTree = "<group>"; };
		9ECF148A25D14EAB00302CEE /* Assets.xcassets */ = {isa = PBXFileReference; lastKnownFileType = folder.assetcatalog; path = Assets.xcassets; sourceTree = "<group>"; };
		9ECF148D25D14EAB00302CEE /* Preview Assets.xcassets */ = {isa = PBXFileReference; lastKnownFileType = folder.assetcatalog; path = "Preview Assets.xcassets"; sourceTree = "<group>"; };
		9ECF148F25D14EAB00302CEE /* Info.plist */ = {isa = PBXFileReference; lastKnownFileType = text.plist.xml; path = Info.plist; sourceTree = "<group>"; };
		9ECF149925D14EE200302CEE /* Home.swift */ = {isa = PBXFileReference; lastKnownFileType = sourcecode.swift; path = Home.swift; sourceTree = "<group>"; };
		9ECF149E25D156E600302CEE /* FeedView.swift */ = {isa = PBXFileReference; lastKnownFileType = sourcecode.swift; path = FeedView.swift; sourceTree = "<group>"; };
		9ECF14A225D15A7200302CEE /* Post.swift */ = {isa = PBXFileReference; lastKnownFileType = sourcecode.swift; path = Post.swift; sourceTree = "<group>"; };
		9ECF14AD25D16D3D00302CEE /* MainView.swift */ = {isa = PBXFileReference; lastKnownFileType = sourcecode.swift; path = MainView.swift; sourceTree = "<group>"; };
		9ECF14B025D16FCA00302CEE /* ScrollableTabBar.swift */ = {isa = PBXFileReference; lastKnownFileType = sourcecode.swift; path = ScrollableTabBar.swift; sourceTree = "<group>"; };
		9ECF14B325D17EDB00302CEE /* PostView.swift */ = {isa = PBXFileReference; lastKnownFileType = sourcecode.swift; path = PostView.swift; sourceTree = "<group>"; };
		9ECF14B625D183EB00302CEE /* DirectView.swift */ = {isa = PBXFileReference; lastKnownFileType = sourcecode.swift; path = DirectView.swift; sourceTree = "<group>"; };
		9ECF14B925D189F600302CEE /* CustomCamera.swift */ = {isa = PBXFileReference; lastKnownFileType = sourcecode.swift; path = CustomCamera.swift; sourceTree = "<group>"; };
/* End PBXFileReference section */

/* Begin PBXFrameworksBuildPhase section */
		9ECF148025D14EA800302CEE /* Frameworks */ = {
			isa = PBXFrameworksBuildPhase;
			buildActionMask = 2147483647;
			files = (
			);
			runOnlyForDeploymentPostprocessing = 0;
		};
/* End PBXFrameworksBuildPhase section */

/* Begin PBXGroup section */
		9ECF147A25D14EA800302CEE = {
			isa = PBXGroup;
			children = (
				9ECF148525D14EA800302CEE /* InstagramViewLayout */,
				9ECF148425D14EA800302CEE /* Products */,
			);
			sourceTree = "<group>";
		};
		9ECF148425D14EA800302CEE /* Products */ = {
			isa = PBXGroup;
			children = (
				9ECF148325D14EA800302CEE /* InstagramViewLayout.app */,
			);
			name = Products;
			sourceTree = "<group>";
		};
		9ECF148525D14EA800302CEE /* InstagramViewLayout */ = {
			isa = PBXGroup;
			children = (
				9ECF149825D14EDA00302CEE /* Model */,
				9ECF149725D14ED400302CEE /* ViewModel */,
				9ECF149625D14ECF00302CEE /* View */,
				9ECF148625D14EA800302CEE /* InstagramViewLayoutApp.swift */,
				9ECF148825D14EA800302CEE /* ContentView.swift */,
				9ECF148A25D14EAB00302CEE /* Assets.xcassets */,
				9ECF148F25D14EAB00302CEE /* Info.plist */,
				9ECF148C25D14EAB00302CEE /* Preview Content */,
			);
			path = InstagramViewLayout;
			sourceTree = "<group>";
		};
		9ECF148C25D14EAB00302CEE /* Preview Content */ = {
			isa = PBXGroup;
			children = (
				9ECF148D25D14EAB00302CEE /* Preview Assets.xcassets */,
			);
			path = "Preview Content";
			sourceTree = "<group>";
		};
		9ECF149625D14ECF00302CEE /* View */ = {
			isa = PBXGroup;
			children = (
				9ECF149D25D156D600302CEE /* TabBarViews */,
				9ECF149925D14EE200302CEE /* Home.swift */,
				9ECF14AD25D16D3D00302CEE /* MainView.swift */,
				9ECF14B025D16FCA00302CEE /* ScrollableTabBar.swift */,
				9ECF14B325D17EDB00302CEE /* PostView.swift */,
				9ECF14B625D183EB00302CEE /* DirectView.swift */,
				9ECF14B925D189F600302CEE /* CustomCamera.swift */,
			);
			path = View;
			sourceTree = "<group>";
		};
		9ECF149725D14ED400302CEE /* ViewModel */ = {
			isa = PBXGroup;
			children = (
			);
			path = ViewModel;
			sourceTree = "<group>";
		};
		9ECF149825D14EDA00302CEE /* Model */ = {
			isa = PBXGroup;
			children = (
				9ECF14A225D15A7200302CEE /* Post.swift */,
			);
			path = Model;
			sourceTree = "<group>";
		};
		9ECF149D25D156D600302CEE /* TabBarViews */ = {
			isa = PBXGroup;
			children = (
				9ECF149E25D156E600302CEE /* FeedView.swift */,
			);
			path = TabBarViews;
			sourceTree = "<group>";
		};
/* End PBXGroup section */

/* Begin PBXNativeTarget section */
		9ECF148225D14EA800302CEE /* InstagramViewLayout */ = {
			isa = PBXNativeTarget;
			buildConfigurationList = 9ECF149225D14EAB00302CEE /* Build configuration list for PBXNativeTarget "InstagramViewLayout" */;
			buildPhases = (
				9ECF147F25D14EA800302CEE /* Sources */,
				9ECF148025D14EA800302CEE /* Frameworks */,
				9ECF148125D14EA800302CEE /* Resources */,
			);
			buildRules = (
			);
			dependencies = (
			);
			name = InstagramViewLayout;
			productName = InstagramViewLayout;
			productReference = 9ECF148325D14EA800302CEE /* InstagramViewLayout.app */;
			productType = "com.apple.product-type.application";
		};
/* End PBXNativeTarget section */

/* Begin PBXProject section */
		9ECF147B25D14EA800302CEE /* Project object */ = {
			isa = PBXProject;
			attributes = {
				LastSwiftUpdateCheck = 1240;
				LastUpgradeCheck = 1240;
				TargetAttributes = {
					9ECF148225D14EA800302CEE = {
						CreatedOnToolsVersion = 12.4;
					};
				};
			};
			buildConfigurationList = 9ECF147E25D14EA800302CEE /* Build configuration list for PBXProject "InstagramViewLayout" */;
			compatibilityVersion = "Xcode 9.3";
			developmentRegion = en;
			hasScannedForEncodings = 0;
			knownRegions = (
				en,
				Base,
			);
			mainGroup = 9ECF147A25D14EA800302CEE;
			productRefGroup = 9ECF148425D14EA800302CEE /* Products */;
			projectDirPath = "";
			projectRoot = "";
			targets = (
				9ECF148225D14EA800302CEE /* InstagramViewLayout */,
			);
		};
/* End PBXProject section */

/* Begin PBXResourcesBuildPhase section */
		9ECF148125D14EA800302CEE /* Resources */ = {
			isa = PBXResourcesBuildPhase;
			buildActionMask = 2147483647;
			files = (
				9ECF148E25D14EAB00302CEE /* Preview Assets.xcassets in Resources */,
				9ECF148B25D14EAB00302CEE /* Assets.xcassets in Resources */,
			);
			runOnlyForDeploymentPostprocessing = 0;
		};
/* End PBXResourcesBuildPhase section */

/* Begin PBXSourcesBuildPhase section */
		9ECF147F25D14EA800302CEE /* Sources */ = {
			isa = PBXSourcesBuildPhase;
			buildActionMask = 2147483647;
			files = (
				9ECF149F25D156E600302CEE /* FeedView.swift in Sources */,
				9ECF14BA25D189F600302CEE /* CustomCamera.swift in Sources */,
				9ECF14B125D16FCA00302CEE /* ScrollableTabBar.swift in Sources */,
				9ECF14B425D17EDB00302CEE /* PostView.swift in Sources */,
				9ECF14B725D183EB00302CEE /* DirectView.swift in Sources */,
				9ECF14AE25D16D3D00302CEE /* MainView.swift in Sources */,
				9ECF148925D14EA800302CEE /* ContentView.swift in Sources */,
				9ECF149A25D14EE200302CEE /* Home.swift in Sources */,
				9ECF148725D14EA800302CEE /* InstagramViewLayoutApp.swift in Sources */,
				9ECF14A325D15A7200302CEE /* Post.swift in Sources */,
			);
			runOnlyForDeploymentPostprocessing = 0;
		};
/* End PBXSourcesBuildPhase section */

/* Begin XCBuildConfiguration section */
		9ECF149025D14EAB00302CEE /* Debug */ = {
			isa = XCBuildConfiguration;
			buildSettings = {
				ALWAYS_SEARCH_USER_PATHS = NO;
				CLANG_ANALYZER_NONNULL = YES;
				CLANG_ANALYZER_NUMBER_OBJECT_CONVERSION = YES_AGGRESSIVE;
				CLANG_CXX_LANGUAGE_STANDARD = "gnu++14";
				CLANG_CXX_LIBRARY = "libc++";
				CLANG_ENABLE_MODULES = YES;
				CLANG_ENABLE_OBJC_ARC = YES;
				CLANG_ENABLE_OBJC_WEAK = YES;
				CLANG_WARN_BLOCK_CAPTURE_AUTORELEASING = YES;
				CLANG_WARN_BOOL_CONVERSION = YES;
				CLANG_WARN_COMMA = YES;
				CLANG_WARN_CONSTANT_CONVERSION = YES;
				CLANG_WARN_DEPRECATED_OBJC_IMPLEMENTATIONS = YES;
				CLANG_WARN_DIRECT_OBJC_ISA_USAGE = YES_ERROR;
				CLANG_WARN_DOCUMENTATION_COMMENTS = YES;
				CLANG_WARN_EMPTY_BODY = YES;
				CLANG_WARN_ENUM_CONVERSION = YES;
				CLANG_WARN_INFINITE_RECURSION = YES;
				CLANG_WARN_INT_CONVERSION = YES;
				CLANG_WARN_NON_LITERAL_NULL_CONVERSION = YES;
				CLANG_WARN_OBJC_IMPLICIT_RETAIN_SELF = YES;
				CLANG_WARN_OBJC_LITERAL_CONVERSION = YES;
				CLANG_WARN_OBJC_ROOT_CLASS = YES_ERROR;
				CLANG_WARN_QUOTED_INCLUDE_IN_FRAMEWORK_HEADER = YES;
				CLANG_WARN_RANGE_LOOP_ANALYSIS = YES;
				CLANG_WARN_STRICT_PROTOTYPES = YES;
				CLANG_WARN_SUSPICIOUS_MOVE = YES;
				CLANG_WARN_UNGUARDED_AVAILABILITY = YES_AGGRESSIVE;
				CLANG_WARN_UNREACHABLE_CODE = YES;
				CLANG_WARN__DUPLICATE_METHOD_MATCH = YES;
				COPY_PHASE_STRIP = NO;
				DEBUG_INFORMATION_FORMAT = dwarf;
				ENABLE_STRICT_OBJC_MSGSEND = YES;
				ENABLE_TESTABILITY = YES;
				GCC_C_LANGUAGE_STANDARD = gnu11;
				GCC_DYNAMIC_NO_PIC = NO;
				GCC_NO_COMMON_BLOCKS = YES;
				GCC_OPTIMIZATION_LEVEL = 0;
				GCC_PREPROCESSOR_DEFINITIONS = (
					"DEBUG=1",
					"$(inherited)",
				);
				GCC_WARN_64_TO_32_BIT_CONVERSION = YES;
				GCC_WARN_ABOUT_RETURN_TYPE = YES_ERROR;
				GCC_WARN_UNDECLARED_SELECTOR = YES;
				GCC_WARN_UNINITIALIZED_AUTOS = YES_AGGRESSIVE;
				GCC_WARN_UNUSED_FUNCTION = YES;
				GCC_WARN_UNUSED_VARIABLE = YES;
				IPHONEOS_DEPLOYMENT_TARGET = 14.4;
				MTL_ENABLE_DEBUG_INFO = INCLUDE_SOURCE;
				MTL_FAST_MATH = YES;
				ONLY_ACTIVE_ARCH = YES;
				SDKROOT = iphoneos;
				SWIFT_ACTIVE_COMPILATION_CONDITIONS = DEBUG;
				SWIFT_OPTIMIZATION_LEVEL = "-Onone";
			};
			name = Debug;
		};
		9ECF149125D14EAB00302CEE /* Release */ = {
			isa = XCBuildConfiguration;
			buildSettings = {
				ALWAYS_SEARCH_USER_PATHS = NO;
				CLANG_ANALYZER_NONNULL = YES;
				CLANG_ANALYZER_NUMBER_OBJECT_CONVERSION = YES_AGGRESSIVE;
				CLANG_CXX_LANGUAGE_STANDARD = "gnu++14";
				CLANG_CXX_LIBRARY = "libc++";
				CLANG_ENABLE_MODULES = YES;
				CLANG_ENABLE_OBJC_ARC = YES;
				CLANG_ENABLE_OBJC_WEAK = YES;
				CLANG_WARN_BLOCK_CAPTURE_AUTORELEASING = YES;
				CLANG_WARN_BOOL_CONVERSION = YES;
				CLANG_WARN_COMMA = YES;
				CLANG_WARN_CONSTANT_CONVERSION = YES;
				CLANG_WARN_DEPRECATED_OBJC_IMPLEMENTATIONS = YES;
				CLANG_WARN_DIRECT_OBJC_ISA_USAGE = YES_ERROR;
				CLANG_WARN_DOCUMENTATION_COMMENTS = YES;
				CLANG_WARN_EMPTY_BODY = YES;
				CLANG_WARN_ENUM_CONVERSION = YES;
				CLANG_WARN_INFINITE_RECURSION = YES;
				CLANG_WARN_INT_CONVERSION = YES;
				CLANG_WARN_NON_LITERAL_NULL_CONVERSION = YES;
				CLANG_WARN_OBJC_IMPLICIT_RETAIN_SELF = YES;
				CLANG_WARN_OBJC_LITERAL_CONVERSION = YES;
				CLANG_WARN_OBJC_ROOT_CLASS = YES_ERROR;
				CLANG_WARN_QUOTED_INCLUDE_IN_FRAMEWORK_HEADER = YES;
				CLANG_WARN_RANGE_LOOP_ANALYSIS = YES;
				CLANG_WARN_STRICT_PROTOTYPES = YES;
				CLANG_WARN_SUSPICIOUS_MOVE = YES;
				CLANG_WARN_UNGUARDED_AVAILABILITY = YES_AGGRESSIVE;
				CLANG_WARN_UNREACHABLE_CODE = YES;
				CLANG_WARN__DUPLICATE_METHOD_MATCH = YES;
				COPY_PHASE_STRIP = NO;
				DEBUG_INFORMATION_FORMAT = "dwarf-with-dsym";
				ENABLE_NS_ASSERTIONS = NO;
				ENABLE_STRICT_OBJC_MSGSEND = YES;
				GCC_C_LANGUAGE_STANDARD = gnu11;
				GCC_NO_COMMON_BLOCKS = YES;
				GCC_WARN_64_TO_32_BIT_CONVERSION = YES;
				GCC_WARN_ABOUT_RETURN_TYPE = YES_ERROR;
				GCC_WARN_UNDECLARED_SELECTOR = YES;
				GCC_WARN_UNINITIALIZED_AUTOS = YES_AGGRESSIVE;
				GCC_WARN_UNUSED_FUNCTION = YES;
				GCC_WARN_UNUSED_VARIABLE = YES;
				IPHONEOS_DEPLOYMENT_TARGET = 14.4;
				MTL_ENABLE_DEBUG_INFO = NO;
				MTL_FAST_MATH = YES;
				SDKROOT = iphoneos;
				SWIFT_COMPILATION_MODE = wholemodule;
				SWIFT_OPTIMIZATION_LEVEL = "-O";
				VALIDATE_PRODUCT = YES;
			};
			name = Release;
		};
		9ECF149325D14EAB00302CEE /* Debug */ = {
			isa = XCBuildConfiguration;
			buildSettings = {
				ASSETCATALOG_COMPILER_APPICON_NAME = AppIcon;
				ASSETCATALOG_COMPILER_GLOBAL_ACCENT_COLOR_NAME = AccentColor;
				CODE_SIGN_STYLE = Automatic;
				DEVELOPMENT_ASSET_PATHS = "\"InstagramViewLayout/Preview Content\"";
				DEVELOPMENT_TEAM = 4YGTHSUB42;
				ENABLE_PREVIEWS = YES;
				INFOPLIST_FILE = InstagramViewLayout/Info.plist;
				IPHONEOS_DEPLOYMENT_TARGET = 14.0;
				LD_RUNPATH_SEARCH_PATHS = (
					"$(inherited)",
					"@executable_path/Frameworks",
				);
				PRODUCT_BUNDLE_IDENTIFIER = MaximMacari.InstagramViewLayout;
				PRODUCT_NAME = "$(TARGET_NAME)";
				SWIFT_VERSION = 5.0;
				TARGETED_DEVICE_FAMILY = "1,2";
			};
			name = Debug;
		};
		9ECF149425D14EAB00302CEE /* Release */ = {
			isa = XCBuildConfiguration;
			buildSettings = {
				ASSETCATALOG_COMPILER_APPICON_NAME = AppIcon;
				ASSETCATALOG_COMPILER_GLOBAL_ACCENT_COLOR_NAME = AccentColor;
				CODE_SIGN_STYLE = Automatic;
				DEVELOPMENT_ASSET_PATHS = "\"InstagramViewLayout/Preview Content\"";
				DEVELOPMENT_TEAM = 4YGTHSUB42;
				ENABLE_PREVIEWS = YES;
				INFOPLIST_FILE = InstagramViewLayout/Info.plist;
				IPHONEOS_DEPLOYMENT_TARGET = 14.0;
				LD_RUNPATH_SEARCH_PATHS = (
					"$(inherited)",
					"@executable_path/Frameworks",
				);
				PRODUCT_BUNDLE_IDENTIFIER = MaximMacari.InstagramViewLayout;
				PRODUCT_NAME = "$(TARGET_NAME)";
				SWIFT_VERSION = 5.0;
				TARGETED_DEVICE_FAMILY = "1,2";
			};
			name = Release;
		};
/* End XCBuildConfiguration section */

/* Begin XCConfigurationList section */
		9ECF147E25D14EA800302CEE /* Build configuration list for PBXProject "InstagramViewLayout" */ = {
			isa = XCConfigurationList;
			buildConfigurations = (
				9ECF149025D14EAB00302CEE /* Debug */,
				9ECF149125D14EAB00302CEE /* Release */,
			);
			defaultConfigurationIsVisible = 0;
			defaultConfigurationName = Release;
		};
		9ECF149225D14EAB00302CEE /* Build configuration list for PBXNativeTarget "InstagramViewLayout" */ = {
			isa = XCConfigurationList;
			buildConfigurations = (
				9ECF149325D14EAB00302CEE /* Debug */,
				9ECF149425D14EAB00302CEE /* Release */,
			);
			defaultConfigurationIsVisible = 0;
			defaultConfigurationName = Release;
		};
/* End XCConfigurationList section */
	};
	rootObject = 9ECF147B25D14EA800302CEE /* Project object */;
}
